
Microsoft Visual Studio Solution File, Format Version 12.00
# Visual Studio Version 17
VisualStudioVersion = 17.0.31903.59
MinimumVisualStudioVersion = 10.0.40219.1
Project("{9A19103F-16F7-4668-BE54-9A1E7A4F7556}") = "Tools", "Tools\Tools.csproj", "{99AC0499-CCDC-4AF9-A1FE-14C7737727C7}"
EndProject
Project("{9A19103F-16F7-4668-BE54-9A1E7A4F7556}") = "Day01_1", "Day01_1\Day01_1.csproj", "{7ED15525-D801-438E-9800-79C2251C53AE}"
EndProject
Project("{9A19103F-16F7-4668-BE54-9A1E7A4F7556}") = "Day01_2", "Day01_2\Day01_2.csproj", "{D5968FD4-5504-4B08-A64F-1BC7DE3BE7EC}"
EndProject
Project("{9A19103F-16F7-4668-BE54-9A1E7A4F7556}") = "Day02_1", "Day02_1\Day02_1.csproj", "{6C87180F-C43C-4B44-9DBA-89B8440C2F6E}"
EndProject
Project("{9A19103F-16F7-4668-BE54-9A1E7A4F7556}") = "Day02_2", "Day02_2\Day02_2.csproj", "{B41233CE-67F4-47B4-88BC-9E724A3BF6AD}"
EndProject
Project("{9A19103F-16F7-4668-BE54-9A1E7A4F7556}") = "Day03_1", "Day03_1\Day03_1.csproj", "{4BA89A50-95FE-4017-80ED-0FC19BE05886}"
EndProject
Project("{9A19103F-16F7-4668-BE54-9A1E7A4F7556}") = "Day03_2", "Day03_2\Day03_2.csproj", "{84C038A1-55B0-4D9A-B3B3-6A0FD6C53C92}"
EndProject
Project("{9A19103F-16F7-4668-BE54-9A1E7A4F7556}") = "Day04_1", "Day04_1\Day04_1.csproj", "{7D5E97E4-9D73-4B29-8E72-2C77242C4613}"
EndProject
Project("{9A19103F-16F7-4668-BE54-9A1E7A4F7556}") = "Day04_2", "Day04_2\Day04_2.csproj", "{A807C4E1-E04B-4608-9511-56473340E01F}"
EndProject
Project("{9A19103F-16F7-4668-BE54-9A1E7A4F7556}") = "Day05_1", "Day05_1\Day05_1.csproj", "{36989231-3D30-4934-A55A-BABB603DACCC}"
EndProject
Project("{9A19103F-16F7-4668-BE54-9A1E7A4F7556}") = "Day05_2", "Day05_2\Day05_2.csproj", "{508A5034-1A9E-477F-A7FA-FDC571102FFF}"
EndProject
Project("{9A19103F-16F7-4668-BE54-9A1E7A4F7556}") = "Day06_1", "Day06_1\Day06_1.csproj", "{22B890B1-8E93-4589-AB3D-D089D91060C9}"
EndProject
Project("{9A19103F-16F7-4668-BE54-9A1E7A4F7556}") = "Day06_2", "Day06_2\Day06_2.csproj", "{5F9BA656-950D-4CB7-BEFA-0B4AA7880E6C}"
EndProject
Project("{9A19103F-16F7-4668-BE54-9A1E7A4F7556}") = "Day07_1", "Day07_1\Day07_1.csproj", "{4D278271-E2B8-4636-BBA9-5353312D1D26}"
EndProject
Project("{9A19103F-16F7-4668-BE54-9A1E7A4F7556}") = "Day07_2", "Day07_2\Day07_2.csproj", "{0C6AA0F8-B70C-4880-A8C2-968E359C2D53}"
EndProject
Project("{9A19103F-16F7-4668-BE54-9A1E7A4F7556}") = "Day08_1", "Day08_1\Day08_1.csproj", "{85FDAD67-0298-47C2-BEAA-12869FA3C086}"
EndProject
Project("{9A19103F-16F7-4668-BE54-9A1E7A4F7556}") = "Day08_2", "Day08_2\Day08_2.csproj", "{5EB0A80A-1358-4301-989E-DD62E14F79A4}"
EndProject
Project("{9A19103F-16F7-4668-BE54-9A1E7A4F7556}") = "Day09_1", "Day09_1\Day09_1.csproj", "{E1331065-DF96-4227-AEE2-D1016699D12C}"
EndProject
Project("{9A19103F-16F7-4668-BE54-9A1E7A4F7556}") = "Day09_2", "Day09_2\Day09_2.csproj", "{20FA9B02-7232-400B-A06D-0CFA6984CFA5}"
EndProject
Project("{9A19103F-16F7-4668-BE54-9A1E7A4F7556}") = "Day10_1", "Day10_1\Day10_1.csproj", "{73271778-A2C7-4481-BD85-4871492733A8}"
EndProject
Project("{9A19103F-16F7-4668-BE54-9A1E7A4F7556}") = "Day10_2", "Day10_2\Day10_2.csproj", "{4432C20F-98FA-455C-8795-2D604FCDBB2D}"
EndProject
Project("{9A19103F-16F7-4668-BE54-9A1E7A4F7556}") = "Day11_1", "Day11_1\Day11_1.csproj", "{F1B4F862-45E3-4F78-95A3-12616E35C0A9}"
EndProject
Project("{9A19103F-16F7-4668-BE54-9A1E7A4F7556}") = "Day11_2", "Day11_2\Day11_2.csproj", "{7FFF2C27-BF66-4494-ABE3-65A03B65E299}"
EndProject
Project("{9A19103F-16F7-4668-BE54-9A1E7A4F7556}") = "Day12_1", "Day12_1\Day12_1.csproj", "{A74F92C1-57DA-4FC9-BCAD-61CE2F53E710}"
EndProject
Project("{9A19103F-16F7-4668-BE54-9A1E7A4F7556}") = "Day12_2", "Day12_2\Day12_2.csproj", "{DC40EF84-7775-470B-A3F3-00A6518E8CB6}"
EndProject
Project("{9A19103F-16F7-4668-BE54-9A1E7A4F7556}") = "Day13_1", "Day13_1\Day13_1.csproj", "{F9CB04B9-7524-4BFD-BA60-1DAC34FD60FB}"
EndProject
Project("{9A19103F-16F7-4668-BE54-9A1E7A4F7556}") = "Day13_2", "Day13_2\Day13_2.csproj", "{802E0192-9012-4AAE-A008-49CD14A8356D}"
EndProject
Project("{9A19103F-16F7-4668-BE54-9A1E7A4F7556}") = "Day15_1", "Day15_1\Day15_1.csproj", "{2EC89105-7B21-41E4-B420-8E6628DC4E0B}"
EndProject
Project("{9A19103F-16F7-4668-BE54-9A1E7A4F7556}") = "Day15_2", "Day15_2\Day15_2.csproj", "{FC6C72A1-79AB-4B32-A0E8-53318D0ADEBF}"
EndProject
Project("{9A19103F-16F7-4668-BE54-9A1E7A4F7556}") = "Day14_1", "Day14_1\Day14_1.csproj", "{A5BF10EE-D307-4B48-9FAA-974B58AEEA69}"
EndProject
Project("{9A19103F-16F7-4668-BE54-9A1E7A4F7556}") = "Day14_2", "Day14_2\Day14_2.csproj", "{16D82E13-BC73-42F6-B459-D93D76265A5A}"
EndProject
Project("{9A19103F-16F7-4668-BE54-9A1E7A4F7556}") = "Day16_1", "Day16_1\Day16_1.csproj", "{51BD16B4-6A0D-4EA3-8E6A-0798ED3EF185}"
EndProject
Project("{9A19103F-16F7-4668-BE54-9A1E7A4F7556}") = "Day16_2", "Day16_2\Day16_2.csproj", "{CEC9381F-43E1-42A3-8D87-5D44309B67A2}"
EndProject
Project("{9A19103F-16F7-4668-BE54-9A1E7A4F7556}") = "Day17_1", "Day17_1\Day17_1.csproj", "{84BC1C44-6E4B-4860-A92E-8E31D6DFBB94}"
EndProject
Project("{9A19103F-16F7-4668-BE54-9A1E7A4F7556}") = "Day17_2", "Day17_2\Day17_2.csproj", "{BD5D483C-4BA9-4A28-9551-A4ACBE6F541C}"
EndProject
Global
	GlobalSection(SolutionConfigurationPlatforms) = preSolution
		Debug|Any CPU = Debug|Any CPU
		Release|Any CPU = Release|Any CPU
	EndGlobalSection
	GlobalSection(ProjectConfigurationPlatforms) = postSolution
		{99AC0499-CCDC-4AF9-A1FE-14C7737727C7}.Debug|Any CPU.ActiveCfg = Debug|Any CPU
		{99AC0499-CCDC-4AF9-A1FE-14C7737727C7}.Debug|Any CPU.Build.0 = Debug|Any CPU
		{99AC0499-CCDC-4AF9-A1FE-14C7737727C7}.Release|Any CPU.ActiveCfg = Release|Any CPU
		{99AC0499-CCDC-4AF9-A1FE-14C7737727C7}.Release|Any CPU.Build.0 = Release|Any CPU
		{7ED15525-D801-438E-9800-79C2251C53AE}.Debug|Any CPU.ActiveCfg = Debug|Any CPU
		{7ED15525-D801-438E-9800-79C2251C53AE}.Debug|Any CPU.Build.0 = Debug|Any CPU
		{7ED15525-D801-438E-9800-79C2251C53AE}.Release|Any CPU.ActiveCfg = Release|Any CPU
		{7ED15525-D801-438E-9800-79C2251C53AE}.Release|Any CPU.Build.0 = Release|Any CPU
		{D5968FD4-5504-4B08-A64F-1BC7DE3BE7EC}.Debug|Any CPU.ActiveCfg = Debug|Any CPU
		{D5968FD4-5504-4B08-A64F-1BC7DE3BE7EC}.Debug|Any CPU.Build.0 = Debug|Any CPU
		{D5968FD4-5504-4B08-A64F-1BC7DE3BE7EC}.Release|Any CPU.ActiveCfg = Release|Any CPU
		{D5968FD4-5504-4B08-A64F-1BC7DE3BE7EC}.Release|Any CPU.Build.0 = Release|Any CPU
		{6C87180F-C43C-4B44-9DBA-89B8440C2F6E}.Debug|Any CPU.ActiveCfg = Debug|Any CPU
		{6C87180F-C43C-4B44-9DBA-89B8440C2F6E}.Debug|Any CPU.Build.0 = Debug|Any CPU
		{6C87180F-C43C-4B44-9DBA-89B8440C2F6E}.Release|Any CPU.ActiveCfg = Release|Any CPU
		{6C87180F-C43C-4B44-9DBA-89B8440C2F6E}.Release|Any CPU.Build.0 = Release|Any CPU
		{B41233CE-67F4-47B4-88BC-9E724A3BF6AD}.Debug|Any CPU.ActiveCfg = Debug|Any CPU
		{B41233CE-67F4-47B4-88BC-9E724A3BF6AD}.Debug|Any CPU.Build.0 = Debug|Any CPU
		{B41233CE-67F4-47B4-88BC-9E724A3BF6AD}.Release|Any CPU.ActiveCfg = Release|Any CPU
		{B41233CE-67F4-47B4-88BC-9E724A3BF6AD}.Release|Any CPU.Build.0 = Release|Any CPU
		{4BA89A50-95FE-4017-80ED-0FC19BE05886}.Debug|Any CPU.ActiveCfg = Debug|Any CPU
		{4BA89A50-95FE-4017-80ED-0FC19BE05886}.Debug|Any CPU.Build.0 = Debug|Any CPU
		{4BA89A50-95FE-4017-80ED-0FC19BE05886}.Release|Any CPU.ActiveCfg = Release|Any CPU
		{4BA89A50-95FE-4017-80ED-0FC19BE05886}.Release|Any CPU.Build.0 = Release|Any CPU
		{84C038A1-55B0-4D9A-B3B3-6A0FD6C53C92}.Debug|Any CPU.ActiveCfg = Debug|Any CPU
		{84C038A1-55B0-4D9A-B3B3-6A0FD6C53C92}.Debug|Any CPU.Build.0 = Debug|Any CPU
		{84C038A1-55B0-4D9A-B3B3-6A0FD6C53C92}.Release|Any CPU.ActiveCfg = Release|Any CPU
		{84C038A1-55B0-4D9A-B3B3-6A0FD6C53C92}.Release|Any CPU.Build.0 = Release|Any CPU
		{7D5E97E4-9D73-4B29-8E72-2C77242C4613}.Debug|Any CPU.ActiveCfg = Debug|Any CPU
		{7D5E97E4-9D73-4B29-8E72-2C77242C4613}.Debug|Any CPU.Build.0 = Debug|Any CPU
		{7D5E97E4-9D73-4B29-8E72-2C77242C4613}.Release|Any CPU.ActiveCfg = Release|Any CPU
		{7D5E97E4-9D73-4B29-8E72-2C77242C4613}.Release|Any CPU.Build.0 = Release|Any CPU
		{A807C4E1-E04B-4608-9511-56473340E01F}.Debug|Any CPU.ActiveCfg = Debug|Any CPU
		{A807C4E1-E04B-4608-9511-56473340E01F}.Debug|Any CPU.Build.0 = Debug|Any CPU
		{A807C4E1-E04B-4608-9511-56473340E01F}.Release|Any CPU.ActiveCfg = Release|Any CPU
		{A807C4E1-E04B-4608-9511-56473340E01F}.Release|Any CPU.Build.0 = Release|Any CPU
		{36989231-3D30-4934-A55A-BABB603DACCC}.Debug|Any CPU.ActiveCfg = Debug|Any CPU
		{36989231-3D30-4934-A55A-BABB603DACCC}.Debug|Any CPU.Build.0 = Debug|Any CPU
		{36989231-3D30-4934-A55A-BABB603DACCC}.Release|Any CPU.ActiveCfg = Release|Any CPU
		{36989231-3D30-4934-A55A-BABB603DACCC}.Release|Any CPU.Build.0 = Release|Any CPU
		{508A5034-1A9E-477F-A7FA-FDC571102FFF}.Debug|Any CPU.ActiveCfg = Debug|Any CPU
		{508A5034-1A9E-477F-A7FA-FDC571102FFF}.Debug|Any CPU.Build.0 = Debug|Any CPU
		{508A5034-1A9E-477F-A7FA-FDC571102FFF}.Release|Any CPU.ActiveCfg = Release|Any CPU
		{508A5034-1A9E-477F-A7FA-FDC571102FFF}.Release|Any CPU.Build.0 = Release|Any CPU
		{22B890B1-8E93-4589-AB3D-D089D91060C9}.Debug|Any CPU.ActiveCfg = Debug|Any CPU
		{22B890B1-8E93-4589-AB3D-D089D91060C9}.Debug|Any CPU.Build.0 = Debug|Any CPU
		{22B890B1-8E93-4589-AB3D-D089D91060C9}.Release|Any CPU.ActiveCfg = Release|Any CPU
		{22B890B1-8E93-4589-AB3D-D089D91060C9}.Release|Any CPU.Build.0 = Release|Any CPU
		{5F9BA656-950D-4CB7-BEFA-0B4AA7880E6C}.Debug|Any CPU.ActiveCfg = Debug|Any CPU
		{5F9BA656-950D-4CB7-BEFA-0B4AA7880E6C}.Debug|Any CPU.Build.0 = Debug|Any CPU
		{5F9BA656-950D-4CB7-BEFA-0B4AA7880E6C}.Release|Any CPU.ActiveCfg = Release|Any CPU
		{5F9BA656-950D-4CB7-BEFA-0B4AA7880E6C}.Release|Any CPU.Build.0 = Release|Any CPU
		{4D278271-E2B8-4636-BBA9-5353312D1D26}.Debug|Any CPU.ActiveCfg = Debug|Any CPU
		{4D278271-E2B8-4636-BBA9-5353312D1D26}.Debug|Any CPU.Build.0 = Debug|Any CPU
		{4D278271-E2B8-4636-BBA9-5353312D1D26}.Release|Any CPU.ActiveCfg = Release|Any CPU
		{4D278271-E2B8-4636-BBA9-5353312D1D26}.Release|Any CPU.Build.0 = Release|Any CPU
		{0C6AA0F8-B70C-4880-A8C2-968E359C2D53}.Debug|Any CPU.ActiveCfg = Debug|Any CPU
		{0C6AA0F8-B70C-4880-A8C2-968E359C2D53}.Debug|Any CPU.Build.0 = Debug|Any CPU
		{0C6AA0F8-B70C-4880-A8C2-968E359C2D53}.Release|Any CPU.ActiveCfg = Release|Any CPU
		{0C6AA0F8-B70C-4880-A8C2-968E359C2D53}.Release|Any CPU.Build.0 = Release|Any CPU
		{85FDAD67-0298-47C2-BEAA-12869FA3C086}.Debug|Any CPU.ActiveCfg = Debug|Any CPU
		{85FDAD67-0298-47C2-BEAA-12869FA3C086}.Debug|Any CPU.Build.0 = Debug|Any CPU
		{85FDAD67-0298-47C2-BEAA-12869FA3C086}.Release|Any CPU.ActiveCfg = Release|Any CPU
		{85FDAD67-0298-47C2-BEAA-12869FA3C086}.Release|Any CPU.Build.0 = Release|Any CPU
		{5EB0A80A-1358-4301-989E-DD62E14F79A4}.Debug|Any CPU.ActiveCfg = Debug|Any CPU
		{5EB0A80A-1358-4301-989E-DD62E14F79A4}.Debug|Any CPU.Build.0 = Debug|Any CPU
		{5EB0A80A-1358-4301-989E-DD62E14F79A4}.Release|Any CPU.ActiveCfg = Release|Any CPU
		{5EB0A80A-1358-4301-989E-DD62E14F79A4}.Release|Any CPU.Build.0 = Release|Any CPU
		{E1331065-DF96-4227-AEE2-D1016699D12C}.Debug|Any CPU.ActiveCfg = Debug|Any CPU
		{E1331065-DF96-4227-AEE2-D1016699D12C}.Debug|Any CPU.Build.0 = Debug|Any CPU
		{E1331065-DF96-4227-AEE2-D1016699D12C}.Release|Any CPU.ActiveCfg = Release|Any CPU
		{E1331065-DF96-4227-AEE2-D1016699D12C}.Release|Any CPU.Build.0 = Release|Any CPU
		{20FA9B02-7232-400B-A06D-0CFA6984CFA5}.Debug|Any CPU.ActiveCfg = Debug|Any CPU
		{20FA9B02-7232-400B-A06D-0CFA6984CFA5}.Debug|Any CPU.Build.0 = Debug|Any CPU
		{20FA9B02-7232-400B-A06D-0CFA6984CFA5}.Release|Any CPU.ActiveCfg = Release|Any CPU
		{20FA9B02-7232-400B-A06D-0CFA6984CFA5}.Release|Any CPU.Build.0 = Release|Any CPU
		{73271778-A2C7-4481-BD85-4871492733A8}.Debug|Any CPU.ActiveCfg = Debug|Any CPU
		{73271778-A2C7-4481-BD85-4871492733A8}.Debug|Any CPU.Build.0 = Debug|Any CPU
		{73271778-A2C7-4481-BD85-4871492733A8}.Release|Any CPU.ActiveCfg = Release|Any CPU
		{73271778-A2C7-4481-BD85-4871492733A8}.Release|Any CPU.Build.0 = Release|Any CPU
		{4432C20F-98FA-455C-8795-2D604FCDBB2D}.Debug|Any CPU.ActiveCfg = Debug|Any CPU
		{4432C20F-98FA-455C-8795-2D604FCDBB2D}.Debug|Any CPU.Build.0 = Debug|Any CPU
		{4432C20F-98FA-455C-8795-2D604FCDBB2D}.Release|Any CPU.ActiveCfg = Release|Any CPU
		{4432C20F-98FA-455C-8795-2D604FCDBB2D}.Release|Any CPU.Build.0 = Release|Any CPU
		{F1B4F862-45E3-4F78-95A3-12616E35C0A9}.Debug|Any CPU.ActiveCfg = Debug|Any CPU
		{F1B4F862-45E3-4F78-95A3-12616E35C0A9}.Debug|Any CPU.Build.0 = Debug|Any CPU
		{F1B4F862-45E3-4F78-95A3-12616E35C0A9}.Release|Any CPU.ActiveCfg = Release|Any CPU
		{F1B4F862-45E3-4F78-95A3-12616E35C0A9}.Release|Any CPU.Build.0 = Release|Any CPU
		{7FFF2C27-BF66-4494-ABE3-65A03B65E299}.Debug|Any CPU.ActiveCfg = Debug|Any CPU
		{7FFF2C27-BF66-4494-ABE3-65A03B65E299}.Debug|Any CPU.Build.0 = Debug|Any CPU
		{7FFF2C27-BF66-4494-ABE3-65A03B65E299}.Release|Any CPU.ActiveCfg = Release|Any CPU
		{7FFF2C27-BF66-4494-ABE3-65A03B65E299}.Release|Any CPU.Build.0 = Release|Any CPU
		{A74F92C1-57DA-4FC9-BCAD-61CE2F53E710}.Debug|Any CPU.ActiveCfg = Debug|Any CPU
		{A74F92C1-57DA-4FC9-BCAD-61CE2F53E710}.Debug|Any CPU.Build.0 = Debug|Any CPU
		{A74F92C1-57DA-4FC9-BCAD-61CE2F53E710}.Release|Any CPU.ActiveCfg = Release|Any CPU
		{A74F92C1-57DA-4FC9-BCAD-61CE2F53E710}.Release|Any CPU.Build.0 = Release|Any CPU
		{DC40EF84-7775-470B-A3F3-00A6518E8CB6}.Debug|Any CPU.ActiveCfg = Debug|Any CPU
		{DC40EF84-7775-470B-A3F3-00A6518E8CB6}.Debug|Any CPU.Build.0 = Debug|Any CPU
		{DC40EF84-7775-470B-A3F3-00A6518E8CB6}.Release|Any CPU.ActiveCfg = Release|Any CPU
		{DC40EF84-7775-470B-A3F3-00A6518E8CB6}.Release|Any CPU.Build.0 = Release|Any CPU
		{F9CB04B9-7524-4BFD-BA60-1DAC34FD60FB}.Debug|Any CPU.ActiveCfg = Debug|Any CPU
		{F9CB04B9-7524-4BFD-BA60-1DAC34FD60FB}.Debug|Any CPU.Build.0 = Debug|Any CPU
		{F9CB04B9-7524-4BFD-BA60-1DAC34FD60FB}.Release|Any CPU.ActiveCfg = Release|Any CPU
		{F9CB04B9-7524-4BFD-BA60-1DAC34FD60FB}.Release|Any CPU.Build.0 = Release|Any CPU
		{802E0192-9012-4AAE-A008-49CD14A8356D}.Debug|Any CPU.ActiveCfg = Debug|Any CPU
		{802E0192-9012-4AAE-A008-49CD14A8356D}.Debug|Any CPU.Build.0 = Debug|Any CPU
		{802E0192-9012-4AAE-A008-49CD14A8356D}.Release|Any CPU.ActiveCfg = Release|Any CPU
		{802E0192-9012-4AAE-A008-49CD14A8356D}.Release|Any CPU.Build.0 = Release|Any CPU
		{2EC89105-7B21-41E4-B420-8E6628DC4E0B}.Debug|Any CPU.ActiveCfg = Debug|Any CPU
		{2EC89105-7B21-41E4-B420-8E6628DC4E0B}.Debug|Any CPU.Build.0 = Debug|Any CPU
		{2EC89105-7B21-41E4-B420-8E6628DC4E0B}.Release|Any CPU.ActiveCfg = Release|Any CPU
		{2EC89105-7B21-41E4-B420-8E6628DC4E0B}.Release|Any CPU.Build.0 = Release|Any CPU
		{FC6C72A1-79AB-4B32-A0E8-53318D0ADEBF}.Debug|Any CPU.ActiveCfg = Debug|Any CPU
		{FC6C72A1-79AB-4B32-A0E8-53318D0ADEBF}.Debug|Any CPU.Build.0 = Debug|Any CPU
		{FC6C72A1-79AB-4B32-A0E8-53318D0ADEBF}.Release|Any CPU.ActiveCfg = Release|Any CPU
		{FC6C72A1-79AB-4B32-A0E8-53318D0ADEBF}.Release|Any CPU.Build.0 = Release|Any CPU
		{A5BF10EE-D307-4B48-9FAA-974B58AEEA69}.Debug|Any CPU.ActiveCfg = Debug|Any CPU
		{A5BF10EE-D307-4B48-9FAA-974B58AEEA69}.Debug|Any CPU.Build.0 = Debug|Any CPU
		{A5BF10EE-D307-4B48-9FAA-974B58AEEA69}.Release|Any CPU.ActiveCfg = Release|Any CPU
		{A5BF10EE-D307-4B48-9FAA-974B58AEEA69}.Release|Any CPU.Build.0 = Release|Any CPU
		{16D82E13-BC73-42F6-B459-D93D76265A5A}.Debug|Any CPU.ActiveCfg = Debug|Any CPU
		{16D82E13-BC73-42F6-B459-D93D76265A5A}.Debug|Any CPU.Build.0 = Debug|Any CPU
		{16D82E13-BC73-42F6-B459-D93D76265A5A}.Release|Any CPU.ActiveCfg = Release|Any CPU
		{16D82E13-BC73-42F6-B459-D93D76265A5A}.Release|Any CPU.Build.0 = Release|Any CPU
		{51BD16B4-6A0D-4EA3-8E6A-0798ED3EF185}.Debug|Any CPU.ActiveCfg = Debug|Any CPU
		{51BD16B4-6A0D-4EA3-8E6A-0798ED3EF185}.Debug|Any CPU.Build.0 = Debug|Any CPU
		{51BD16B4-6A0D-4EA3-8E6A-0798ED3EF185}.Release|Any CPU.ActiveCfg = Release|Any CPU
		{51BD16B4-6A0D-4EA3-8E6A-0798ED3EF185}.Release|Any CPU.Build.0 = Release|Any CPU
		{CEC9381F-43E1-42A3-8D87-5D44309B67A2}.Debug|Any CPU.ActiveCfg = Debug|Any CPU
		{CEC9381F-43E1-42A3-8D87-5D44309B67A2}.Debug|Any CPU.Build.0 = Debug|Any CPU
		{CEC9381F-43E1-42A3-8D87-5D44309B67A2}.Release|Any CPU.ActiveCfg = Release|Any CPU
		{CEC9381F-43E1-42A3-8D87-5D44309B67A2}.Release|Any CPU.Build.0 = Release|Any CPU
		{84BC1C44-6E4B-4860-A92E-8E31D6DFBB94}.Debug|Any CPU.ActiveCfg = Debug|Any CPU
		{84BC1C44-6E4B-4860-A92E-8E31D6DFBB94}.Debug|Any CPU.Build.0 = Debug|Any CPU
		{84BC1C44-6E4B-4860-A92E-8E31D6DFBB94}.Release|Any CPU.ActiveCfg = Release|Any CPU
		{84BC1C44-6E4B-4860-A92E-8E31D6DFBB94}.Release|Any CPU.Build.0 = Release|Any CPU
		{BD5D483C-4BA9-4A28-9551-A4ACBE6F541C}.Debug|Any CPU.ActiveCfg = Debug|Any CPU
		{BD5D483C-4BA9-4A28-9551-A4ACBE6F541C}.Debug|Any CPU.Build.0 = Debug|Any CPU
		{BD5D483C-4BA9-4A28-9551-A4ACBE6F541C}.Release|Any CPU.ActiveCfg = Release|Any CPU
		{BD5D483C-4BA9-4A28-9551-A4ACBE6F541C}.Release|Any CPU.Build.0 = Release|Any CPU
	EndGlobalSection
	GlobalSection(SolutionProperties) = preSolution
		HideSolutionNode = FALSE
	EndGlobalSection
	GlobalSection(ExtensibilityGlobals) = postSolution
		SolutionGuid = {2F68A6FA-ECE1-4FAA-AB97-41088F462A7D}
	EndGlobalSection
EndGlobal
